
Microsoft Visual Studio Solution File, Format Version 12.00
# Visual Studio Version 17
VisualStudioVersion = 17.2.32630.192
MinimumVisualStudioVersion = 10.0.40219.1
Project("{FAE04EC0-301F-11D3-BF4B-00C04F79EFBC}") = "WebDemo", "WebDemo.csproj", "{ABA4C3F3-1823-465D-9C09-74D2F249276B}"
EndProject
Global
	GlobalSection(SolutionConfigurationPlatforms) = preSolution
		Debug|Any CPU = Debug|Any CPU
		Release|Any CPU = Release|Any CPU
	EndGlobalSection
	GlobalSection(ProjectConfigurationPlatforms) = postSolution
		{ABA4C3F3-1823-465D-9C09-74D2F249276B}.Debug|Any CPU.ActiveCfg = Debug|Any CPU
		{ABA4C3F3-1823-465D-9C09-74D2F249276B}.Debug|Any CPU.Build.0 = Debug|Any CPU
		{ABA4C3F3-1823-465D-9C09-74D2F249276B}.Release|Any CPU.ActiveCfg = Release|Any CPU
		{ABA4C3F3-1823-465D-9C09-74D2F249276B}.Release|Any CPU.Build.0 = Release|Any CPU
	EndGlobalSection
	GlobalSection(SolutionProperties) = preSolution
		HideSolutionNode = FALSE
	EndGlobalSection
	GlobalSection(ExtensibilityGlobals) = postSolution
		SolutionGuid = {6F22E4B3-84DB-4489-B4A6-45F9D89AA667}
	EndGlobalSection
EndGlobal
